{
  "version": 4,
  "terraform_version": "1.13.5",
  "serial": 52,
  "lineage": "8aaba1ca-bab2-cff4-b2df-c923ddb94b2c",
  "outputs": {
    "cloudsql_connection_name": {
      "value": "project-4b3d3288-7603-4755-899:us-central1:finance-agent-sessions",
      "type": "string"
    },
    "cloudsql_instance_name": {
      "value": "finance-agent-sessions",
      "type": "string"
    },
    "cloudsql_public_ip": {
      "value": "34.41.65.51",
      "type": "string"
    },
    "deployed_index_id": {
      "value": "earnings-deployed-index",
      "type": "string"
    },
    "embeddings_gcs_uri": {
      "value": "gs://project-4b3d3288-7603-4755-899-finance-data-bucket/embeddings/",
      "type": "string"
    },
    "gcs_bucket_name": {
      "value": "project-4b3d3288-7603-4755-899-finance-data-bucket",
      "type": "string"
    },
    "service_account_email": {
      "value": "finance-chatbot-sa@project-4b3d3288-7603-4755-899.iam.gserviceaccount.com",
      "type": "string"
    },
    "session_db_url": {
      "value": "postgresql://finance_agent:finance-agent-db-2024!@34.41.65.51:5432/sessions",
      "type": "string",
      "sensitive": true
    },
    "vector_index_id": {
      "value": "projects/project-4b3d3288-7603-4755-899/locations/us-central1/indexes/3977041309805314048",
      "type": "string"
    },
    "vector_index_name": {
      "value": "3977041309805314048",
      "type": "string"
    },
    "vpc_network_name": {
      "value": "vector-search-network",
      "type": "string"
    }
  },
  "resources": [
    {
      "mode": "data",
      "type": "google_project",
      "name": "project",
      "provider": "provider[\"registry.terraform.io/hashicorp/google\"]",
      "instances": [
        {
          "schema_version": 0,
          "attributes": {
            "auto_create_network": null,
            "billing_account": null,
            "deletion_policy": "DELETE",
            "effective_labels": {},
            "folder_id": "",
            "id": "projects/project-4b3d3288-7603-4755-899",
            "labels": {},
            "name": "Insurance AI POC",
            "number": "277774606239",
            "org_id": "526650206943",
            "project_id": "project-4b3d3288-7603-4755-899",
            "skip_delete": null,
            "terraform_labels": {}
          },
          "sensitive_attributes": [],
          "identity_schema_version": 0
        }
      ]
    },
    {
      "mode": "managed",
      "type": "google_project_iam_member",
      "name": "discovery_engine_editor",
      "provider": "provider[\"registry.terraform.io/hashicorp/google\"]",
      "instances": [
        {
          "schema_version": 0,
          "attributes": {
            "condition": [],
            "etag": "BwZFAT5ewlQ=",
            "id": "project-4b3d3288-7603-4755-899/roles/discoveryengine.editor/serviceAccount:finance-chatbot-sa@project-4b3d3288-7603-4755-899.iam.gserviceaccount.com",
            "member": "serviceAccount:finance-chatbot-sa@project-4b3d3288-7603-4755-899.iam.gserviceaccount.com",
            "project": "project-4b3d3288-7603-4755-899",
            "role": "roles/discoveryengine.editor"
          },
          "sensitive_attributes": [],
          "identity_schema_version": 0,
          "private": "bnVsbA==",
          "dependencies": [
            "google_service_account.finance_chatbot"
          ]
        }
      ]
    },
    {
      "mode": "managed",
      "type": "google_project_iam_member",
      "name": "vertex_ai_user",
      "provider": "provider[\"registry.terraform.io/hashicorp/google\"]",
      "instances": [
        {
          "schema_version": 0,
          "attributes": {
            "condition": [],
            "etag": "BwZFAT5ewlQ=",
            "id": "project-4b3d3288-7603-4755-899/roles/aiplatform.user/serviceAccount:finance-chatbot-sa@project-4b3d3288-7603-4755-899.iam.gserviceaccount.com",
            "member": "serviceAccount:finance-chatbot-sa@project-4b3d3288-7603-4755-899.iam.gserviceaccount.com",
            "project": "project-4b3d3288-7603-4755-899",
            "role": "roles/aiplatform.user"
          },
          "sensitive_attributes": [],
          "identity_schema_version": 0,
          "private": "bnVsbA==",
          "dependencies": [
            "google_service_account.finance_chatbot"
          ]
        }
      ]
    },
    {
      "mode": "managed",
      "type": "google_project_service",
      "name": "aiplatform",
      "provider": "provider[\"registry.terraform.io/hashicorp/google\"]",
      "instances": [
        {
          "schema_version": 0,
          "attributes": {
            "disable_dependent_services": null,
            "disable_on_destroy": false,
            "id": "project-4b3d3288-7603-4755-899/aiplatform.googleapis.com",
            "project": "project-4b3d3288-7603-4755-899",
            "service": "aiplatform.googleapis.com",
            "timeouts": null
          },
          "sensitive_attributes": [],
          "identity_schema_version": 0,
          "private": "eyJlMmJmYjczMC1lY2FhLTExZTYtOGY4OC0zNDM2M2JjN2M0YzAiOnsiY3JlYXRlIjoxMjAwMDAwMDAwMDAwLCJkZWxldGUiOjEyMDAwMDAwMDAwMDAsInJlYWQiOjYwMDAwMDAwMDAwMCwidXBkYXRlIjoxMjAwMDAwMDAwMDAwfX0="
        }
      ]
    },
    {
      "mode": "managed",
      "type": "google_project_service",
      "name": "compute",
      "provider": "provider[\"registry.terraform.io/hashicorp/google\"]",
      "instances": [
        {
          "schema_version": 0,
          "attributes": {
            "disable_dependent_services": null,
            "disable_on_destroy": false,
            "id": "project-4b3d3288-7603-4755-899/compute.googleapis.com",
            "project": "project-4b3d3288-7603-4755-899",
            "service": "compute.googleapis.com",
            "timeouts": null
          },
          "sensitive_attributes": [],
          "identity_schema_version": 0,
          "private": "eyJlMmJmYjczMC1lY2FhLTExZTYtOGY4OC0zNDM2M2JjN2M0YzAiOnsiY3JlYXRlIjoxMjAwMDAwMDAwMDAwLCJkZWxldGUiOjEyMDAwMDAwMDAwMDAsInJlYWQiOjYwMDAwMDAwMDAwMCwidXBkYXRlIjoxMjAwMDAwMDAwMDAwfX0="
        }
      ]
    },
    {
      "mode": "managed",
      "type": "google_project_service",
      "name": "run",
      "provider": "provider[\"registry.terraform.io/hashicorp/google\"]",
      "instances": [
        {
          "schema_version": 0,
          "attributes": {
            "disable_dependent_services": null,
            "disable_on_destroy": false,
            "id": "project-4b3d3288-7603-4755-899/run.googleapis.com",
            "project": "project-4b3d3288-7603-4755-899",
            "service": "run.googleapis.com",
            "timeouts": null
          },
          "sensitive_attributes": [],
          "identity_schema_version": 0,
          "private": "eyJlMmJmYjczMC1lY2FhLTExZTYtOGY4OC0zNDM2M2JjN2M0YzAiOnsiY3JlYXRlIjoxMjAwMDAwMDAwMDAwLCJkZWxldGUiOjEyMDAwMDAwMDAwMDAsInJlYWQiOjYwMDAwMDAwMDAwMCwidXBkYXRlIjoxMjAwMDAwMDAwMDAwfX0="
        }
      ]
    },
    {
      "mode": "managed",
      "type": "google_project_service",
      "name": "secretmanager",
      "provider": "provider[\"registry.terraform.io/hashicorp/google\"]",
      "instances": [
        {
          "schema_version": 0,
          "attributes": {
            "disable_dependent_services": null,
            "disable_on_destroy": false,
            "id": "project-4b3d3288-7603-4755-899/secretmanager.googleapis.com",
            "project": "project-4b3d3288-7603-4755-899",
            "service": "secretmanager.googleapis.com",
            "timeouts": null
          },
          "sensitive_attributes": [],
          "identity_schema_version": 0,
          "private": "eyJlMmJmYjczMC1lY2FhLTExZTYtOGY4OC0zNDM2M2JjN2M0YzAiOnsiY3JlYXRlIjoxMjAwMDAwMDAwMDAwLCJkZWxldGUiOjEyMDAwMDAwMDAwMDAsInJlYWQiOjYwMDAwMDAwMDAwMCwidXBkYXRlIjoxMjAwMDAwMDAwMDAwfX0="
        }
      ]
    },
    {
      "mode": "managed",
      "type": "google_project_service",
      "name": "servicenetworking",
      "provider": "provider[\"registry.terraform.io/hashicorp/google\"]",
      "instances": [
        {
          "schema_version": 0,
          "attributes": {
            "disable_dependent_services": null,
            "disable_on_destroy": false,
            "id": "project-4b3d3288-7603-4755-899/servicenetworking.googleapis.com",
            "project": "project-4b3d3288-7603-4755-899",
            "service": "servicenetworking.googleapis.com",
            "timeouts": null
          },
          "sensitive_attributes": [],
          "identity_schema_version": 0,
          "private": "eyJlMmJmYjczMC1lY2FhLTExZTYtOGY4OC0zNDM2M2JjN2M0YzAiOnsiY3JlYXRlIjoxMjAwMDAwMDAwMDAwLCJkZWxldGUiOjEyMDAwMDAwMDAwMDAsInJlYWQiOjYwMDAwMDAwMDAwMCwidXBkYXRlIjoxMjAwMDAwMDAwMDAwfX0=",
          "dependencies": [
            "google_project_service.compute"
          ]
        }
      ]
    },
    {
      "mode": "managed",
      "type": "google_project_service",
      "name": "sqladmin",
      "provider": "provider[\"registry.terraform.io/hashicorp/google\"]",
      "instances": [
        {
          "schema_version": 0,
          "attributes": {
            "disable_dependent_services": null,
            "disable_on_destroy": false,
            "id": "project-4b3d3288-7603-4755-899/sqladmin.googleapis.com",
            "project": "project-4b3d3288-7603-4755-899",
            "service": "sqladmin.googleapis.com",
            "timeouts": null
          },
          "sensitive_attributes": [],
          "identity_schema_version": 0,
          "private": "eyJlMmJmYjczMC1lY2FhLTExZTYtOGY4OC0zNDM2M2JjN2M0YzAiOnsiY3JlYXRlIjoxMjAwMDAwMDAwMDAwLCJkZWxldGUiOjEyMDAwMDAwMDAwMDAsInJlYWQiOjYwMDAwMDAwMDAwMCwidXBkYXRlIjoxMjAwMDAwMDAwMDAwfX0="
        }
      ]
    },
    {
      "mode": "managed",
      "type": "google_service_account",
      "name": "finance_chatbot",
      "provider": "provider[\"registry.terraform.io/hashicorp/google\"]",
      "instances": [
        {
          "schema_version": 0,
          "attributes": {
            "account_id": "finance-chatbot-sa",
            "create_ignore_already_exists": null,
            "description": "Service account for Real-Time Finance AI POC chatbot",
            "disabled": false,
            "display_name": "Finance Chatbot Service Account",
            "email": "finance-chatbot-sa@project-4b3d3288-7603-4755-899.iam.gserviceaccount.com",
            "id": "projects/project-4b3d3288-7603-4755-899/serviceAccounts/finance-chatbot-sa@project-4b3d3288-7603-4755-899.iam.gserviceaccount.com",
            "member": "serviceAccount:finance-chatbot-sa@project-4b3d3288-7603-4755-899.iam.gserviceaccount.com",
            "name": "projects/project-4b3d3288-7603-4755-899/serviceAccounts/finance-chatbot-sa@project-4b3d3288-7603-4755-899.iam.gserviceaccount.com",
            "project": "project-4b3d3288-7603-4755-899",
            "timeouts": null,
            "unique_id": "111011229374363357708"
          },
          "sensitive_attributes": [],
          "identity_schema_version": 0,
          "private": "eyJlMmJmYjczMC1lY2FhLTExZTYtOGY4OC0zNDM2M2JjN2M0YzAiOnsiY3JlYXRlIjozMDAwMDAwMDAwMDB9fQ=="
        }
      ]
    },
    {
      "mode": "managed",
      "type": "google_sql_database",
      "name": "sessions_db",
      "provider": "provider[\"registry.terraform.io/hashicorp/google\"]",
      "instances": [
        {
          "schema_version": 0,
          "attributes": {
            "charset": "UTF8",
            "collation": "en_US.UTF8",
            "deletion_policy": "DELETE",
            "id": "projects/project-4b3d3288-7603-4755-899/instances/finance-agent-sessions/databases/sessions",
            "instance": "finance-agent-sessions",
            "name": "sessions",
            "project": "project-4b3d3288-7603-4755-899",
            "self_link": "https://sqladmin.googleapis.com/sql/v1beta4/projects/project-4b3d3288-7603-4755-899/instances/finance-agent-sessions/databases/sessions",
            "timeouts": null
          },
          "sensitive_attributes": [],
          "identity_schema_version": 0,
          "private": "eyJlMmJmYjczMC1lY2FhLTExZTYtOGY4OC0zNDM2M2JjN2M0YzAiOnsiY3JlYXRlIjoxMjAwMDAwMDAwMDAwLCJkZWxldGUiOjEyMDAwMDAwMDAwMDAsInVwZGF0ZSI6MTIwMDAwMDAwMDAwMH19",
          "dependencies": [
            "google_sql_database_instance.sessions"
          ]
        }
      ]
    },
    {
      "mode": "managed",
      "type": "google_sql_database_instance",
      "name": "sessions",
      "provider": "provider[\"registry.terraform.io/hashicorp/google\"]",
      "instances": [
        {
          "schema_version": 0,
          "attributes": {
            "available_maintenance_versions": [],
            "clone": [],
            "connection_name": "project-4b3d3288-7603-4755-899:us-central1:finance-agent-sessions",
            "database_version": "POSTGRES_15",
            "deletion_protection": false,
            "dns_name": "",
            "encryption_key_name": null,
            "first_ip_address": "34.41.65.51",
            "id": "finance-agent-sessions",
            "instance_type": "CLOUD_SQL_INSTANCE",
            "ip_address": [
              {
                "ip_address": "34.41.65.51",
                "time_to_retire": "",
                "type": "PRIMARY"
              },
              {
                "ip_address": "34.61.203.245",
                "time_to_retire": "",
                "type": "OUTGOING"
              }
            ],
            "maintenance_version": "POSTGRES_15_15.R20251004.01_19",
            "master_instance_name": "",
            "name": "finance-agent-sessions",
            "private_ip_address": "",
            "project": "project-4b3d3288-7603-4755-899",
            "psc_service_attachment_link": "",
            "public_ip_address": "34.41.65.51",
            "region": "us-central1",
            "replica_configuration": [],
            "restore_backup_context": [],
            "root_password": null,
            "self_link": "https://sqladmin.googleapis.com/sql/v1beta4/projects/project-4b3d3288-7603-4755-899/instances/finance-agent-sessions",
            "server_ca_cert": [
              {
                "cert": "-----BEGIN CERTIFICATE-----\nMIIDfzCCAmegAwIBAgIBADANBgkqhkiG9w0BAQsFADB3MS0wKwYDVQQuEyRkMjdj\nMGFmNy0zYWIwLTRhZmMtYTJjYy0zNWVjZDYzZTMxNzQxIzAhBgNVBAMTGkdvb2ds\nZSBDbG91ZCBTUUwgU2VydmVyIENBMRQwEgYDVQQKEwtHb29nbGUsIEluYzELMAkG\nA1UEBhMCVVMwHhcNMjUxMjAxMTg1MzIwWhcNMzUxMTI5MTg1NDIwWjB3MS0wKwYD\nVQQuEyRkMjdjMGFmNy0zYWIwLTRhZmMtYTJjYy0zNWVjZDYzZTMxNzQxIzAhBgNV\nBAMTGkdvb2dsZSBDbG91ZCBTUUwgU2VydmVyIENBMRQwEgYDVQQKEwtHb29nbGUs\nIEluYzELMAkGA1UEBhMCVVMwggEiMA0GCSqGSIb3DQEBAQUAA4IBDwAwggEKAoIB\nAQDt/tY6U2n4kPmwFyw+wBNyPsnn3I0+AEtm6R0ns5z8WxvFsVOcYviwBd9JpIwm\n/lyAlBXoQHUASIfYzAZ/v8bre/X5MkVrJB8BSNEPrHwlv7gg/0LZxnTFOLEWGt/D\nGCPWJqFkcZXz/YqDZi2M3r23xIXl/SWi+LBf2pp4i1QqpxELQ7LWle3hU/mlnsUJ\nhAfrn4dLcn31gg9mPlam72zYl97m617tLkRkf86ydoN99Kf7B5EuhUvJH26dL9UR\n5A27GRwjNfT4s8HV3q6HErK8sL5BDGx1wO91rAaR/snHy28w1zLQYTGnBTUHZB78\niQcXJqrrDc0jR8KDQU7uz9xVAgMBAAGjFjAUMBIGA1UdEwEB/wQIMAYBAf8CAQAw\nDQYJKoZIhvcNAQELBQADggEBAEy4RUhsN2CF4TCsG3aLzE0RWeM3QHYJFLWIXVlW\nq5FkGIvGPtgsZ8PbmogNFqeLuv669JMUqOdCeZDau2mqBtjbBwEaGCkPqmCWv5HO\n/1Q8SV2IndjmXEoLK3sCXH62QkFxu1b//OP8+KCuulDDsQRqKtfkUOa1gAqwwr/0\nDNLhXZiNf64SqQfpjLkIrWkHSIms9///rvQmq9NS7W1NuBk068CRaIRX528DPSJy\npbAsz8kTgeqC4uooZNO6s7ezzzeSoAGTWaE3ALtXPorg75rfAJ4oMmFIoT9Ruo5E\nI8ireMU32E672/SNw/ovLXnyXsNH5TvqT5KcvRiEuXx3j4w=\n-----END CERTIFICATE-----",
                "common_name": "C=US,O=Google\\, Inc,CN=Google Cloud SQL Server CA,dnQualifier=d27c0af7-3ab0-4afc-a2cc-35ecd63e3174",
                "create_time": "2025-12-01T18:53:20.834Z",
                "expiration_time": "2035-11-29T18:54:20.834Z",
                "sha1_fingerprint": "0db1c1ae357a19e1d72ae1fc757deb1a9c1ff142"
              }
            ],
            "service_account_email_address": "p277774606239-34lcuk@gcp-sa-cloud-sql.iam.gserviceaccount.com",
            "settings": [
              {
                "activation_policy": "ALWAYS",
                "active_directory_config": [],
                "advanced_machine_features": [],
                "availability_type": "ZONAL",
                "backup_configuration": [
                  {
                    "backup_retention_settings": [
                      {
                        "retained_backups": 7,
                        "retention_unit": "COUNT"
                      }
                    ],
                    "binary_log_enabled": false,
                    "enabled": true,
                    "location": "",
                    "point_in_time_recovery_enabled": false,
                    "start_time": "03:00",
                    "transaction_log_retention_days": 7
                  }
                ],
                "collation": "",
                "connector_enforcement": "NOT_REQUIRED",
                "data_cache_config": [],
                "database_flags": [],
                "deletion_protection_enabled": false,
                "deny_maintenance_period": [],
                "disk_autoresize": false,
                "disk_autoresize_limit": 0,
                "disk_size": 10,
                "disk_type": "PD_SSD",
                "edition": "ENTERPRISE",
                "enable_dataplex_integration": false,
                "enable_google_ml_integration": false,
                "insights_config": [],
                "ip_configuration": [
                  {
                    "allocated_ip_range": "",
                    "authorized_networks": [
                      {
                        "expiration_time": "",
                        "name": "allow-all",
                        "value": "0.0.0.0/0"
                      }
                    ],
                    "enable_private_path_for_google_cloud_services": false,
                    "ipv4_enabled": true,
                    "private_network": "",
                    "psc_config": [],
                    "require_ssl": false,
                    "server_ca_mode": "GOOGLE_MANAGED_INTERNAL_CA",
                    "ssl_mode": ""
                  }
                ],
                "location_preference": [
                  {
                    "follow_gae_application": "",
                    "secondary_zone": "",
                    "zone": "us-central1-c"
                  }
                ],
                "maintenance_window": [
                  {
                    "day": 7,
                    "hour": 3,
                    "update_track": ""
                  }
                ],
                "password_validation_policy": [],
                "pricing_plan": "PER_USE",
                "sql_server_audit_config": [],
                "tier": "db-f1-micro",
                "time_zone": "",
                "user_labels": {},
                "version": 5
              }
            ],
            "timeouts": null
          },
          "sensitive_attributes": [
            [
              {
                "type": "get_attr",
                "value": "root_password"
              }
            ],
            [
              {
                "type": "get_attr",
                "value": "server_ca_cert"
              }
            ]
          ],
          "identity_schema_version": 0,
          "private": "eyJlMmJmYjczMC1lY2FhLTExZTYtOGY4OC0zNDM2M2JjN2M0YzAiOnsiY3JlYXRlIjo1NDAwMDAwMDAwMDAwLCJkZWxldGUiOjU0MDAwMDAwMDAwMDAsInVwZGF0ZSI6NTQwMDAwMDAwMDAwMH19"
        }
      ]
    },
    {
      "mode": "managed",
      "type": "google_sql_user",
      "name": "sessions_user",
      "provider": "provider[\"registry.terraform.io/hashicorp/google\"]",
      "instances": [
        {
          "schema_version": 1,
          "attributes": {
            "deletion_policy": null,
            "host": "",
            "id": "finance_agent//finance-agent-sessions",
            "instance": "finance-agent-sessions",
            "name": "finance_agent",
            "password": "finance-agent-db-2024!",
            "password_policy": [],
            "project": "project-4b3d3288-7603-4755-899",
            "sql_server_user_details": [],
            "timeouts": null,
            "type": ""
          },
          "sensitive_attributes": [
            [
              {
                "type": "get_attr",
                "value": "password"
              }
            ]
          ],
          "identity_schema_version": 0,
          "private": "eyJlMmJmYjczMC1lY2FhLTExZTYtOGY4OC0zNDM2M2JjN2M0YzAiOnsiY3JlYXRlIjo2MDAwMDAwMDAwMDAsImRlbGV0ZSI6NjAwMDAwMDAwMDAwLCJ1cGRhdGUiOjYwMDAwMDAwMDAwMH0sInNjaGVtYV92ZXJzaW9uIjoiMSJ9",
          "dependencies": [
            "google_sql_database_instance.sessions"
          ]
        }
      ]
    },
    {
      "mode": "managed",
      "type": "google_storage_bucket",
      "name": "finance_data",
      "provider": "provider[\"registry.terraform.io/hashicorp/google\"]",
      "instances": [
        {
          "schema_version": 2,
          "attributes": {
            "autoclass": [],
            "cors": [],
            "custom_placement_config": [],
            "default_event_based_hold": false,
            "effective_labels": {},
            "enable_object_retention": false,
            "encryption": [],
            "force_destroy": false,
            "id": "project-4b3d3288-7603-4755-899-finance-data-bucket",
            "labels": {},
            "lifecycle_rule": [
              {
                "action": [
                  {
                    "storage_class": "",
                    "type": "Delete"
                  }
                ],
                "condition": [
                  {
                    "age": 30,
                    "created_before": "",
                    "custom_time_before": "",
                    "days_since_custom_time": null,
                    "days_since_noncurrent_time": null,
                    "matches_prefix": [
                      "staging/"
                    ],
                    "matches_storage_class": [],
                    "matches_suffix": [],
                    "no_age": null,
                    "noncurrent_time_before": "",
                    "num_newer_versions": null,
                    "send_age_if_zero": true,
                    "send_days_since_custom_time_if_zero": null,
                    "send_days_since_noncurrent_time_if_zero": null,
                    "send_num_newer_versions_if_zero": null,
                    "with_state": "ANY"
                  }
                ]
              },
              {
                "action": [
                  {
                    "storage_class": "",
                    "type": "Delete"
                  }
                ],
                "condition": [
                  {
                    "age": 365,
                    "created_before": "",
                    "custom_time_before": "",
                    "days_since_custom_time": null,
                    "days_since_noncurrent_time": null,
                    "matches_prefix": [
                      "embeddings/"
                    ],
                    "matches_storage_class": [],
                    "matches_suffix": [],
                    "no_age": null,
                    "noncurrent_time_before": "",
                    "num_newer_versions": 3,
                    "send_age_if_zero": true,
                    "send_days_since_custom_time_if_zero": null,
                    "send_days_since_noncurrent_time_if_zero": null,
                    "send_num_newer_versions_if_zero": null,
                    "with_state": "ARCHIVED"
                  }
                ]
              }
            ],
            "location": "US-CENTRAL1",
            "logging": [],
            "name": "project-4b3d3288-7603-4755-899-finance-data-bucket",
            "project": "project-4b3d3288-7603-4755-899",
            "project_number": 277774606239,
            "public_access_prevention": "inherited",
            "requester_pays": false,
            "retention_policy": [],
            "rpo": null,
            "self_link": "https://www.googleapis.com/storage/v1/b/project-4b3d3288-7603-4755-899-finance-data-bucket",
            "soft_delete_policy": [
              {
                "effective_time": "2025-11-26T00:06:51.185Z",
                "retention_duration_seconds": 604800
              }
            ],
            "storage_class": "STANDARD",
            "terraform_labels": {},
            "timeouts": null,
            "uniform_bucket_level_access": true,
            "url": "gs://project-4b3d3288-7603-4755-899-finance-data-bucket",
            "versioning": [
              {
                "enabled": true
              }
            ],
            "website": []
          },
          "sensitive_attributes": [],
          "identity_schema_version": 0,
          "private": "eyJlMmJmYjczMC1lY2FhLTExZTYtOGY4OC0zNDM2M2JjN2M0YzAiOnsiY3JlYXRlIjo2MDAwMDAwMDAwMDAsInJlYWQiOjI0MDAwMDAwMDAwMCwidXBkYXRlIjoyNDAwMDAwMDAwMDB9LCJzY2hlbWFfdmVyc2lvbiI6IjIifQ=="
        }
      ]
    },
    {
      "mode": "managed",
      "type": "google_storage_bucket_iam_member",
      "name": "storage_admin",
      "provider": "provider[\"registry.terraform.io/hashicorp/google\"]",
      "instances": [
        {
          "schema_version": 0,
          "attributes": {
            "bucket": "b/project-4b3d3288-7603-4755-899-finance-data-bucket",
            "condition": [],
            "etag": "CAI=",
            "id": "b/project-4b3d3288-7603-4755-899-finance-data-bucket/roles/storage.objectAdmin/serviceAccount:finance-chatbot-sa@project-4b3d3288-7603-4755-899.iam.gserviceaccount.com",
            "member": "serviceAccount:finance-chatbot-sa@project-4b3d3288-7603-4755-899.iam.gserviceaccount.com",
            "role": "roles/storage.objectAdmin"
          },
          "sensitive_attributes": [],
          "identity_schema_version": 0,
          "private": "bnVsbA==",
          "dependencies": [
            "google_service_account.finance_chatbot",
            "google_storage_bucket.finance_data"
          ]
        }
      ]
    },
    {
      "mode": "managed",
      "type": "google_storage_bucket_object",
      "name": "embeddings_folder",
      "provider": "provider[\"registry.terraform.io/hashicorp/google\"]",
      "instances": [
        {
          "schema_version": 0,
          "attributes": {
            "bucket": "project-4b3d3288-7603-4755-899-finance-data-bucket",
            "cache_control": "",
            "content": " ",
            "content_disposition": "",
            "content_encoding": "",
            "content_language": "",
            "content_type": "text/plain; charset=utf-8",
            "crc32c": "csDdjw==",
            "customer_encryption": [],
            "detect_md5hash": "chXunH2dwinSkhpA6JnsXw==",
            "event_based_hold": false,
            "generation": 1764774532302524,
            "id": "project-4b3d3288-7603-4755-899-finance-data-bucket-embeddings/",
            "kms_key_name": "",
            "md5hash": "chXunH2dwinSkhpA6JnsXw==",
            "media_link": "https://storage.googleapis.com/download/storage/v1/b/project-4b3d3288-7603-4755-899-finance-data-bucket/o/embeddings%2F?generation=1764774532302524\u0026alt=media",
            "metadata": null,
            "name": "embeddings/",
            "output_name": "embeddings/",
            "retention": [],
            "self_link": "https://www.googleapis.com/storage/v1/b/project-4b3d3288-7603-4755-899-finance-data-bucket/o/embeddings%2F",
            "source": null,
            "storage_class": "STANDARD",
            "temporary_hold": false,
            "timeouts": null
          },
          "sensitive_attributes": [
            [
              {
                "type": "get_attr",
                "value": "content"
              }
            ]
          ],
          "identity_schema_version": 0,
          "private": "eyJlMmJmYjczMC1lY2FhLTExZTYtOGY4OC0zNDM2M2JjN2M0YzAiOnsiY3JlYXRlIjoyNDAwMDAwMDAwMDAsImRlbGV0ZSI6MjQwMDAwMDAwMDAwLCJ1cGRhdGUiOjI0MDAwMDAwMDAwMH19",
          "dependencies": [
            "google_storage_bucket.finance_data"
          ]
        }
      ]
    },
    {
      "mode": "managed",
      "type": "google_storage_bucket_object",
      "name": "raw_data_folder",
      "provider": "provider[\"registry.terraform.io/hashicorp/google\"]",
      "instances": [
        {
          "schema_version": 0,
          "attributes": {
            "bucket": "project-4b3d3288-7603-4755-899-finance-data-bucket",
            "cache_control": "",
            "content": " ",
            "content_disposition": "",
            "content_encoding": "",
            "content_language": "",
            "content_type": "text/plain; charset=utf-8",
            "crc32c": "csDdjw==",
            "customer_encryption": [],
            "detect_md5hash": "chXunH2dwinSkhpA6JnsXw==",
            "event_based_hold": false,
            "generation": 1764774531698449,
            "id": "project-4b3d3288-7603-4755-899-finance-data-bucket-raw-data/",
            "kms_key_name": "",
            "md5hash": "chXunH2dwinSkhpA6JnsXw==",
            "media_link": "https://storage.googleapis.com/download/storage/v1/b/project-4b3d3288-7603-4755-899-finance-data-bucket/o/raw-data%2F?generation=1764774531698449\u0026alt=media",
            "metadata": null,
            "name": "raw-data/",
            "output_name": "raw-data/",
            "retention": [],
            "self_link": "https://www.googleapis.com/storage/v1/b/project-4b3d3288-7603-4755-899-finance-data-bucket/o/raw-data%2F",
            "source": null,
            "storage_class": "STANDARD",
            "temporary_hold": false,
            "timeouts": null
          },
          "sensitive_attributes": [
            [
              {
                "type": "get_attr",
                "value": "content"
              }
            ]
          ],
          "identity_schema_version": 0,
          "private": "eyJlMmJmYjczMC1lY2FhLTExZTYtOGY4OC0zNDM2M2JjN2M0YzAiOnsiY3JlYXRlIjoyNDAwMDAwMDAwMDAsImRlbGV0ZSI6MjQwMDAwMDAwMDAwLCJ1cGRhdGUiOjI0MDAwMDAwMDAwMH19",
          "dependencies": [
            "google_storage_bucket.finance_data"
          ]
        }
      ]
    },
    {
      "mode": "managed",
      "type": "google_storage_bucket_object",
      "name": "staging_folder",
      "provider": "provider[\"registry.terraform.io/hashicorp/google\"]",
      "instances": [
        {
          "schema_version": 0,
          "attributes": {
            "bucket": "project-4b3d3288-7603-4755-899-finance-data-bucket",
            "cache_control": "",
            "content": " ",
            "content_disposition": "",
            "content_encoding": "",
            "content_language": "",
            "content_type": "text/plain; charset=utf-8",
            "crc32c": "csDdjw==",
            "customer_encryption": [],
            "detect_md5hash": "chXunH2dwinSkhpA6JnsXw==",
            "event_based_hold": false,
            "generation": 1764774532104281,
            "id": "project-4b3d3288-7603-4755-899-finance-data-bucket-staging/",
            "kms_key_name": "",
            "md5hash": "chXunH2dwinSkhpA6JnsXw==",
            "media_link": "https://storage.googleapis.com/download/storage/v1/b/project-4b3d3288-7603-4755-899-finance-data-bucket/o/staging%2F?generation=1764774532104281\u0026alt=media",
            "metadata": null,
            "name": "staging/",
            "output_name": "staging/",
            "retention": [],
            "self_link": "https://www.googleapis.com/storage/v1/b/project-4b3d3288-7603-4755-899-finance-data-bucket/o/staging%2F",
            "source": null,
            "storage_class": "STANDARD",
            "temporary_hold": false,
            "timeouts": null
          },
          "sensitive_attributes": [
            [
              {
                "type": "get_attr",
                "value": "content"
              }
            ]
          ],
          "identity_schema_version": 0,
          "private": "eyJlMmJmYjczMC1lY2FhLTExZTYtOGY4OC0zNDM2M2JjN2M0YzAiOnsiY3JlYXRlIjoyNDAwMDAwMDAwMDAsImRlbGV0ZSI6MjQwMDAwMDAwMDAwLCJ1cGRhdGUiOjI0MDAwMDAwMDAwMH19",
          "dependencies": [
            "google_storage_bucket.finance_data"
          ]
        }
      ]
    },
    {
      "mode": "managed",
      "type": "google_vertex_ai_index",
      "name": "earnings_embeddings",
      "provider": "provider[\"registry.terraform.io/hashicorp/google\"]",
      "instances": [
        {
          "schema_version": 0,
          "attributes": {
            "create_time": "2025-12-03T15:08:54.099781Z",
            "deployed_indexes": [],
            "description": "Earnings call transcript embeddings for hybrid search (dense + sparse/BM25)",
            "display_name": "earnings-call-embeddings-hybrid",
            "effective_labels": {
              "environment": "production",
              "purpose": "earnings-rag",
              "search_type": "hybrid"
            },
            "etag": null,
            "id": "projects/project-4b3d3288-7603-4755-899/locations/us-central1/indexes/3977041309805314048",
            "index_stats": [
              {
                "shards_count": 1,
                "vectors_count": ""
              }
            ],
            "index_update_method": "BATCH_UPDATE",
            "labels": {
              "environment": "production",
              "purpose": "earnings-rag",
              "search_type": "hybrid"
            },
            "metadata": [
              {
                "config": [
                  {
                    "algorithm_config": [
                      {
                        "brute_force_config": [],
                        "tree_ah_config": [
                          {
                            "leaf_node_embedding_count": 500,
                            "leaf_nodes_to_search_percent": 10
                          }
                        ]
                      }
                    ],
                    "approximate_neighbors_count": 150,
                    "dimensions": 768,
                    "distance_measure_type": "DOT_PRODUCT_DISTANCE",
                    "feature_norm_type": "NONE",
                    "shard_size": "SHARD_SIZE_SMALL"
                  }
                ],
                "contents_delta_uri": "gs://project-4b3d3288-7603-4755-899-finance-data-bucket/embeddings/",
                "is_complete_overwrite": false
              }
            ],
            "metadata_schema_uri": "gs://google-cloud-aiplatform/schema/matchingengine/metadata/nearest_neighbor_search_1.0.0.yaml",
            "name": "3977041309805314048",
            "project": "project-4b3d3288-7603-4755-899",
            "region": "us-central1",
            "terraform_labels": {
              "environment": "production",
              "purpose": "earnings-rag",
              "search_type": "hybrid"
            },
            "timeouts": null,
            "update_time": "2025-12-03T15:10:56.503700Z"
          },
          "sensitive_attributes": [],
          "identity_schema_version": 0,
          "private": "eyJlMmJmYjczMC1lY2FhLTExZTYtOGY4OC0zNDM2M2JjN2M0YzAiOnsiY3JlYXRlIjoxMDgwMDAwMDAwMDAwMCwiZGVsZXRlIjoxMDgwMDAwMDAwMDAwMCwidXBkYXRlIjoxMDgwMDAwMDAwMDAwMH19",
          "dependencies": [
            "google_project_service.aiplatform",
            "google_storage_bucket.finance_data"
          ]
        }
      ]
    }
  ],
  "check_results": null
}
