{
  "version": 4,
  "terraform_version": "1.13.5",
  "serial": 11,
  "lineage": "8aaba1ca-bab2-cff4-b2df-c923ddb94b2c",
  "outputs": {
    "data_store_id_output": {
      "value": "financial-filings-datastore",
      "type": "string"
    },
    "data_store_name": {
      "value": "projects/277774606239/locations/global/collections/default_collection/dataStores/financial-filings-datastore",
      "type": "string"
    },
    "gcs_bucket_name": {
      "value": "project-4b3d3288-7603-4755-899-finance-data-bucket",
      "type": "string"
    },
    "service_account_email": {
      "value": "finance-chatbot-sa@project-4b3d3288-7603-4755-899.iam.gserviceaccount.com",
      "type": "string"
    }
  },
  "resources": [
    {
      "mode": "managed",
      "type": "google_discovery_engine_data_store",
      "name": "financial_filings",
      "provider": "provider[\"registry.terraform.io/hashicorp/google\"]",
      "instances": [
        {
          "schema_version": 0,
          "attributes": {
            "content_config": "CONTENT_REQUIRED",
            "create_advanced_site_search": false,
            "create_time": "2025-11-26T00:32:02.917706Z",
            "data_store_id": "financial-filings-datastore",
            "default_schema_id": "default_schema",
            "display_name": "Financial Filings Data Store",
            "document_processing_config": [
              {
                "default_parsing_config": [
                  {
                    "digital_parsing_config": [
                      {}
                    ],
                    "ocr_parsing_config": []
                  }
                ],
                "name": "projects/277774606239/locations/global/collections/default_collection/dataStores/financial-filings-datastore/documentProcessingConfig",
                "parsing_config_overrides": []
              }
            ],
            "id": "projects/project-4b3d3288-7603-4755-899/locations/global/collections/default_collection/dataStores/financial-filings-datastore",
            "industry_vertical": "GENERIC",
            "location": "global",
            "name": "projects/277774606239/locations/global/collections/default_collection/dataStores/financial-filings-datastore",
            "project": "project-4b3d3288-7603-4755-899",
            "skip_default_schema_creation": false,
            "solution_types": [
              "SOLUTION_TYPE_SEARCH"
            ],
            "timeouts": null
          },
          "sensitive_attributes": [],
          "identity_schema_version": 0,
          "private": "eyJlMmJmYjczMC1lY2FhLTExZTYtOGY4OC0zNDM2M2JjN2M0YzAiOnsiY3JlYXRlIjoxMjAwMDAwMDAwMDAwLCJkZWxldGUiOjEyMDAwMDAwMDAwMDAsInVwZGF0ZSI6MTIwMDAwMDAwMDAwMH19"
        }
      ]
    },
    {
      "mode": "managed",
      "type": "google_project_iam_member",
      "name": "discovery_engine_editor",
      "provider": "provider[\"registry.terraform.io/hashicorp/google\"]",
      "instances": [
        {
          "schema_version": 0,
          "attributes": {
            "condition": [],
            "etag": "BwZEdC02XQg=",
            "id": "project-4b3d3288-7603-4755-899/roles/discoveryengine.editor/serviceAccount:finance-chatbot-sa@project-4b3d3288-7603-4755-899.iam.gserviceaccount.com",
            "member": "serviceAccount:finance-chatbot-sa@project-4b3d3288-7603-4755-899.iam.gserviceaccount.com",
            "project": "project-4b3d3288-7603-4755-899",
            "role": "roles/discoveryengine.editor"
          },
          "sensitive_attributes": [],
          "identity_schema_version": 0,
          "private": "bnVsbA==",
          "dependencies": [
            "google_service_account.finance_chatbot"
          ]
        }
      ]
    },
    {
      "mode": "managed",
      "type": "google_project_iam_member",
      "name": "vertex_ai_user",
      "provider": "provider[\"registry.terraform.io/hashicorp/google\"]",
      "instances": [
        {
          "schema_version": 0,
          "attributes": {
            "condition": [],
            "etag": "BwZEdC02XQg=",
            "id": "project-4b3d3288-7603-4755-899/roles/aiplatform.user/serviceAccount:finance-chatbot-sa@project-4b3d3288-7603-4755-899.iam.gserviceaccount.com",
            "member": "serviceAccount:finance-chatbot-sa@project-4b3d3288-7603-4755-899.iam.gserviceaccount.com",
            "project": "project-4b3d3288-7603-4755-899",
            "role": "roles/aiplatform.user"
          },
          "sensitive_attributes": [],
          "identity_schema_version": 0,
          "private": "bnVsbA==",
          "dependencies": [
            "google_service_account.finance_chatbot"
          ]
        }
      ]
    },
    {
      "mode": "managed",
      "type": "google_service_account",
      "name": "finance_chatbot",
      "provider": "provider[\"registry.terraform.io/hashicorp/google\"]",
      "instances": [
        {
          "schema_version": 0,
          "attributes": {
            "account_id": "finance-chatbot-sa",
            "create_ignore_already_exists": null,
            "description": "Service account for Real-Time Finance AI POC chatbot",
            "disabled": false,
            "display_name": "Finance Chatbot Service Account",
            "email": "finance-chatbot-sa@project-4b3d3288-7603-4755-899.iam.gserviceaccount.com",
            "id": "projects/project-4b3d3288-7603-4755-899/serviceAccounts/finance-chatbot-sa@project-4b3d3288-7603-4755-899.iam.gserviceaccount.com",
            "member": "serviceAccount:finance-chatbot-sa@project-4b3d3288-7603-4755-899.iam.gserviceaccount.com",
            "name": "projects/project-4b3d3288-7603-4755-899/serviceAccounts/finance-chatbot-sa@project-4b3d3288-7603-4755-899.iam.gserviceaccount.com",
            "project": "project-4b3d3288-7603-4755-899",
            "timeouts": null,
            "unique_id": "111011229374363357708"
          },
          "sensitive_attributes": [],
          "identity_schema_version": 0,
          "private": "eyJlMmJmYjczMC1lY2FhLTExZTYtOGY4OC0zNDM2M2JjN2M0YzAiOnsiY3JlYXRlIjozMDAwMDAwMDAwMDB9fQ=="
        }
      ]
    },
    {
      "mode": "managed",
      "type": "google_storage_bucket",
      "name": "finance_data",
      "provider": "provider[\"registry.terraform.io/hashicorp/google\"]",
      "instances": [
        {
          "schema_version": 2,
          "attributes": {
            "autoclass": [],
            "cors": [],
            "custom_placement_config": [],
            "default_event_based_hold": false,
            "effective_labels": {},
            "enable_object_retention": false,
            "encryption": [],
            "force_destroy": false,
            "id": "project-4b3d3288-7603-4755-899-finance-data-bucket",
            "labels": {},
            "lifecycle_rule": [
              {
                "action": [
                  {
                    "storage_class": "",
                    "type": "Delete"
                  }
                ],
                "condition": [
                  {
                    "age": 90,
                    "created_before": "",
                    "custom_time_before": "",
                    "days_since_custom_time": 0,
                    "days_since_noncurrent_time": 0,
                    "matches_prefix": [],
                    "matches_storage_class": [],
                    "matches_suffix": [],
                    "no_age": false,
                    "noncurrent_time_before": "",
                    "num_newer_versions": 0,
                    "send_age_if_zero": true,
                    "send_days_since_custom_time_if_zero": false,
                    "send_days_since_noncurrent_time_if_zero": false,
                    "send_num_newer_versions_if_zero": false,
                    "with_state": "ANY"
                  }
                ]
              }
            ],
            "location": "US-CENTRAL1",
            "logging": [],
            "name": "project-4b3d3288-7603-4755-899-finance-data-bucket",
            "project": "project-4b3d3288-7603-4755-899",
            "project_number": 277774606239,
            "public_access_prevention": "inherited",
            "requester_pays": false,
            "retention_policy": [],
            "rpo": null,
            "self_link": "https://www.googleapis.com/storage/v1/b/project-4b3d3288-7603-4755-899-finance-data-bucket",
            "soft_delete_policy": [
              {
                "effective_time": "2025-11-26T00:06:51.185Z",
                "retention_duration_seconds": 604800
              }
            ],
            "storage_class": "STANDARD",
            "terraform_labels": {},
            "timeouts": null,
            "uniform_bucket_level_access": true,
            "url": "gs://project-4b3d3288-7603-4755-899-finance-data-bucket",
            "versioning": [
              {
                "enabled": true
              }
            ],
            "website": []
          },
          "sensitive_attributes": [],
          "identity_schema_version": 0,
          "private": "eyJlMmJmYjczMC1lY2FhLTExZTYtOGY4OC0zNDM2M2JjN2M0YzAiOnsiY3JlYXRlIjo2MDAwMDAwMDAwMDAsInJlYWQiOjI0MDAwMDAwMDAwMCwidXBkYXRlIjoyNDAwMDAwMDAwMDB9LCJzY2hlbWFfdmVyc2lvbiI6IjIifQ=="
        }
      ]
    },
    {
      "mode": "managed",
      "type": "google_storage_bucket_iam_member",
      "name": "storage_admin",
      "provider": "provider[\"registry.terraform.io/hashicorp/google\"]",
      "instances": [
        {
          "schema_version": 0,
          "attributes": {
            "bucket": "b/project-4b3d3288-7603-4755-899-finance-data-bucket",
            "condition": [],
            "etag": "CAI=",
            "id": "b/project-4b3d3288-7603-4755-899-finance-data-bucket/roles/storage.objectAdmin/serviceAccount:finance-chatbot-sa@project-4b3d3288-7603-4755-899.iam.gserviceaccount.com",
            "member": "serviceAccount:finance-chatbot-sa@project-4b3d3288-7603-4755-899.iam.gserviceaccount.com",
            "role": "roles/storage.objectAdmin"
          },
          "sensitive_attributes": [],
          "identity_schema_version": 0,
          "private": "bnVsbA==",
          "dependencies": [
            "google_service_account.finance_chatbot",
            "google_storage_bucket.finance_data"
          ]
        }
      ]
    }
  ],
  "check_results": null
}
